
Microsoft Visual Studio Solution File, Format Version 12.00
# Visual Studio Version 17
VisualStudioVersion = 17.13.35828.75 d17.13
MinimumVisualStudioVersion = 10.0.40219.1
Project("{FAE04EC0-301F-11D3-BF4B-00C04F79EFBC}") = "AccountsLib", "AccountsLib\AccountsLib.csproj", "{CB479FE8-7CDA-452D-9912-8A64530CBA2C}"
EndProject
Project("{FAE04EC0-301F-11D3-BF4B-00C04F79EFBC}") = "AcoountsTestApp", "AcoountsTestApp\AcoountsTestApp.csproj", "{F9919665-3602-43A6-8EB5-A37345E22C3E}"
EndProject
Global
	GlobalSection(SolutionConfigurationPlatforms) = preSolution
		Debug|Any CPU = Debug|Any CPU
		Release|Any CPU = Release|Any CPU
	EndGlobalSection
	GlobalSection(ProjectConfigurationPlatforms) = postSolution
		{CB479FE8-7CDA-452D-9912-8A64530CBA2C}.Debug|Any CPU.ActiveCfg = Debug|Any CPU
		{CB479FE8-7CDA-452D-9912-8A64530CBA2C}.Debug|Any CPU.Build.0 = Debug|Any CPU
		{CB479FE8-7CDA-452D-9912-8A64530CBA2C}.Release|Any CPU.ActiveCfg = Release|Any CPU
		{CB479FE8-7CDA-452D-9912-8A64530CBA2C}.Release|Any CPU.Build.0 = Release|Any CPU
		{F9919665-3602-43A6-8EB5-A37345E22C3E}.Debug|Any CPU.ActiveCfg = Debug|Any CPU
		{F9919665-3602-43A6-8EB5-A37345E22C3E}.Debug|Any CPU.Build.0 = Debug|Any CPU
		{F9919665-3602-43A6-8EB5-A37345E22C3E}.Release|Any CPU.ActiveCfg = Release|Any CPU
		{F9919665-3602-43A6-8EB5-A37345E22C3E}.Release|Any CPU.Build.0 = Release|Any CPU
	EndGlobalSection
	GlobalSection(SolutionProperties) = preSolution
		HideSolutionNode = FALSE
	EndGlobalSection
	GlobalSection(ExtensibilityGlobals) = postSolution
		SolutionGuid = {BD793398-EED2-419C-81EC-1D772024E5D1}
	EndGlobalSection
EndGlobal
