
Microsoft Visual Studio Solution File, Format Version 12.00
# Visual Studio Version 17
VisualStudioVersion = 17.13.35828.75 d17.13
MinimumVisualStudioVersion = 10.0.40219.1
Project("{FAE04EC0-301F-11D3-BF4B-00C04F79EFBC}") = "FractionsCalculatorGui", "FractionsCalculatorGui\FractionsCalculatorGui.csproj", "{6AC885F8-6F1C-4D26-98BB-6F453FEC2AF2}"
EndProject
Global
	GlobalSection(SolutionConfigurationPlatforms) = preSolution
		Debug|Any CPU = Debug|Any CPU
		Release|Any CPU = Release|Any CPU
	EndGlobalSection
	GlobalSection(ProjectConfigurationPlatforms) = postSolution
		{6AC885F8-6F1C-4D26-98BB-6F453FEC2AF2}.Debug|Any CPU.ActiveCfg = Debug|Any CPU
		{6AC885F8-6F1C-4D26-98BB-6F453FEC2AF2}.Debug|Any CPU.Build.0 = Debug|Any CPU
		{6AC885F8-6F1C-4D26-98BB-6F453FEC2AF2}.Release|Any CPU.ActiveCfg = Release|Any CPU
		{6AC885F8-6F1C-4D26-98BB-6F453FEC2AF2}.Release|Any CPU.Build.0 = Release|Any CPU
	EndGlobalSection
	GlobalSection(SolutionProperties) = preSolution
		HideSolutionNode = FALSE
	EndGlobalSection
	GlobalSection(ExtensibilityGlobals) = postSolution
		SolutionGuid = {50799212-2648-48B5-A95F-6337BF0DC27C}
	EndGlobalSection
EndGlobal
